
Microsoft Visual Studio Solution File, Format Version 12.00
# Visual Studio Version 16
VisualStudioVersion = 16.0.31205.134
MinimumVisualStudioVersion = 10.0.40219.1
Project("{FAE04EC0-301F-11D3-BF4B-00C04F79EFBC}") = "ApplicationTier", "ApplicationTier\ApplicationTier.csproj", "{ABA32787-5E6A-4808-9B00-4B4D603CCDFE}"
EndProject
Project("{9A19103F-16F7-4668-BE54-9A1E7A4F7556}") = "CsharpVersion", "..\CsharpVersion\CsharpVersion.csproj", "{8FFFD214-D3BA-4251-A87D-FE80BD837961}"
EndProject
Project("{9A19103F-16F7-4668-BE54-9A1E7A4F7556}") = "HistoryDemo", "..\HistoryDemo\HistoryDemo\HistoryDemo.csproj", "{088A0C6B-71C6-4E13-A73C-42ACF94ABEE7}"
EndProject
Project("{9A19103F-16F7-4668-BE54-9A1E7A4F7556}") = "ModelEntities", "..\HistoryDemo\ModelEntities\ModelEntities.csproj", "{CF8A0EE2-30DE-4337-8876-8792F2D303C2}"
EndProject
Project("{FAE04EC0-301F-11D3-BF4B-00C04F79EFBC}") = "TestProject1", "TestProject1\TestProject1.csproj", "{ED6A8D52-B72C-4D0B-85B3-BB8BA9C7C04E}"
EndProject
Global
	GlobalSection(SolutionConfigurationPlatforms) = preSolution
		Debug|Any CPU = Debug|Any CPU
		Release|Any CPU = Release|Any CPU
	EndGlobalSection
	GlobalSection(ProjectConfigurationPlatforms) = postSolution
		{ABA32787-5E6A-4808-9B00-4B4D603CCDFE}.Debug|Any CPU.ActiveCfg = Debug|Any CPU
		{ABA32787-5E6A-4808-9B00-4B4D603CCDFE}.Debug|Any CPU.Build.0 = Debug|Any CPU
		{ABA32787-5E6A-4808-9B00-4B4D603CCDFE}.Release|Any CPU.ActiveCfg = Release|Any CPU
		{ABA32787-5E6A-4808-9B00-4B4D603CCDFE}.Release|Any CPU.Build.0 = Release|Any CPU
		{8FFFD214-D3BA-4251-A87D-FE80BD837961}.Debug|Any CPU.ActiveCfg = Debug|Any CPU
		{8FFFD214-D3BA-4251-A87D-FE80BD837961}.Debug|Any CPU.Build.0 = Debug|Any CPU
		{8FFFD214-D3BA-4251-A87D-FE80BD837961}.Release|Any CPU.ActiveCfg = Release|Any CPU
		{8FFFD214-D3BA-4251-A87D-FE80BD837961}.Release|Any CPU.Build.0 = Release|Any CPU
		{088A0C6B-71C6-4E13-A73C-42ACF94ABEE7}.Debug|Any CPU.ActiveCfg = Debug|Any CPU
		{088A0C6B-71C6-4E13-A73C-42ACF94ABEE7}.Debug|Any CPU.Build.0 = Debug|Any CPU
		{088A0C6B-71C6-4E13-A73C-42ACF94ABEE7}.Release|Any CPU.ActiveCfg = Release|Any CPU
		{088A0C6B-71C6-4E13-A73C-42ACF94ABEE7}.Release|Any CPU.Build.0 = Release|Any CPU
		{CF8A0EE2-30DE-4337-8876-8792F2D303C2}.Debug|Any CPU.ActiveCfg = Debug|Any CPU
		{CF8A0EE2-30DE-4337-8876-8792F2D303C2}.Debug|Any CPU.Build.0 = Debug|Any CPU
		{CF8A0EE2-30DE-4337-8876-8792F2D303C2}.Release|Any CPU.ActiveCfg = Release|Any CPU
		{CF8A0EE2-30DE-4337-8876-8792F2D303C2}.Release|Any CPU.Build.0 = Release|Any CPU
		{ED6A8D52-B72C-4D0B-85B3-BB8BA9C7C04E}.Debug|Any CPU.ActiveCfg = Debug|Any CPU
		{ED6A8D52-B72C-4D0B-85B3-BB8BA9C7C04E}.Debug|Any CPU.Build.0 = Debug|Any CPU
		{ED6A8D52-B72C-4D0B-85B3-BB8BA9C7C04E}.Release|Any CPU.ActiveCfg = Release|Any CPU
		{ED6A8D52-B72C-4D0B-85B3-BB8BA9C7C04E}.Release|Any CPU.Build.0 = Release|Any CPU
	EndGlobalSection
	GlobalSection(SolutionProperties) = preSolution
		HideSolutionNode = FALSE
	EndGlobalSection
	GlobalSection(ExtensibilityGlobals) = postSolution
		SolutionGuid = {FA3431D9-B861-425C-A434-2ADBC733B9C5}
	EndGlobalSection
EndGlobal
